<?xml version="1.0" encoding="UTF-8" standalone="yes" ?>
<CodeBlocks_project_file>
	<FileVersion major="1" minor="6" />
	<Project>
		<Option title="AdditiveSynth" />
		<Option pch_mode="2" />
		<Option compiler="gcc" />
		<Option virtualFolders="Patch Classes\;Audio Classes\;Jack Module\;UI Classes\;" />
		<Build>
			<Script file="lib_finder.script" />
			<Target title="Build">
				<Option output="bin/AdditiveSynth" prefix_auto="1" extension_auto="1" />
				<Option object_output="obj/" />
				<Option type="1" />
				<Option compiler="gcc" />
				<Compiler>
					<Add option="-g" />
					<Add directory="C:/Apps/Jack/includes" />
					<Add directory="include" />
					<Add directory="../AdditiveSynth" />
				</Compiler>
				<Linker>
					<Add library="C:/Apps/Jack/lib/libjack.lib" />
				</Linker>
			</Target>
		</Build>
		<Compiler>
			<Add option="-Wall" />
			<Add option="-fexceptions" />
		</Compiler>
		<Unit filename="FixedOperator.cpp">
			<Option virtualFolder="Patch Classes/" />
		</Unit>
		<Unit filename="FixedOperator.h">
			<Option virtualFolder="Patch Classes/" />
		</Unit>
		<Unit filename="Operator.cpp">
			<Option virtualFolder="Patch Classes/" />
		</Unit>
		<Unit filename="Operator.h">
			<Option virtualFolder="Patch Classes/" />
		</Unit>
		<Unit filename="Oscillator.cpp">
			<Option virtualFolder="Audio Classes/" />
		</Unit>
		<Unit filename="Oscillator.h">
			<Option virtualFolder="Audio Classes/" />
		</Unit>
		<Unit filename="Patch.cpp">
			<Option virtualFolder="Patch Classes/" />
		</Unit>
		<Unit filename="Patch.h">
			<Option virtualFolder="Patch Classes/" />
		</Unit>
		<Unit filename="Prompt.cpp" />
		<Unit filename="Prompt.h" />
		<Unit filename="RatioOperator.cpp">
			<Option virtualFolder="Patch Classes/" />
		</Unit>
		<Unit filename="RatioOperator.h">
			<Option virtualFolder="Patch Classes/" />
		</Unit>
		<Unit filename="SineWave.cpp">
			<Option virtualFolder="Audio Classes/" />
		</Unit>
		<Unit filename="SineWave.h">
			<Option virtualFolder="Audio Classes/" />
		</Unit>
		<Unit filename="Synthesizer.cpp">
			<Option virtualFolder="Audio Classes/" />
		</Unit>
		<Unit filename="Synthesizer.h">
			<Option virtualFolder="Audio Classes/" />
		</Unit>
		<Unit filename="jack_module.cpp">
			<Option virtualFolder="Jack Module/" />
		</Unit>
		<Unit filename="jack_module.h">
			<Option virtualFolder="Jack Module/" />
		</Unit>
		<Unit filename="main.cpp" />
		<Extensions>
			<code_completion />
			<envvars />
			<debugger />
		</Extensions>
	</Project>
</CodeBlocks_project_file>
